
Microsoft Visual Studio Solution File, Format Version 12.00
# Visual Studio Version 17
VisualStudioVersion = 17.4.33205.214
MinimumVisualStudioVersion = 10.0.40219.1
Project("{FAE04EC0-301F-11D3-BF4B-00C04F79EFBC}") = "Rock, paper, scissor Game", "Rock, paper, scissor Game\Rock, paper, scissor Game.csproj", "{728295B7-7E5C-44CE-B75B-25FC00025E38}"
EndProject
Global
	GlobalSection(SolutionConfigurationPlatforms) = preSolution
		Debug|Any CPU = Debug|Any CPU
		Release|Any CPU = Release|Any CPU
	EndGlobalSection
	GlobalSection(ProjectConfigurationPlatforms) = postSolution
		{728295B7-7E5C-44CE-B75B-25FC00025E38}.Debug|Any CPU.ActiveCfg = Debug|Any CPU
		{728295B7-7E5C-44CE-B75B-25FC00025E38}.Debug|Any CPU.Build.0 = Debug|Any CPU
		{728295B7-7E5C-44CE-B75B-25FC00025E38}.Release|Any CPU.ActiveCfg = Release|Any CPU
		{728295B7-7E5C-44CE-B75B-25FC00025E38}.Release|Any CPU.Build.0 = Release|Any CPU
	EndGlobalSection
	GlobalSection(SolutionProperties) = preSolution
		HideSolutionNode = FALSE
	EndGlobalSection
	GlobalSection(ExtensibilityGlobals) = postSolution
		SolutionGuid = {08BB2303-FD25-4B1C-B681-D7A8CF21152B}
	EndGlobalSection
EndGlobal
